
Microsoft Visual Studio Solution File, Format Version 12.00
# Visual Studio Version 17
VisualStudioVersion = 17.11.35327.3
MinimumVisualStudioVersion = 10.0.40219.1
Project("{2150E333-8FDC-42A3-9474-1A3956D46DE8}") = "1-completion-in-a-isolated-artifact", "1-completion-in-a-isolated-artifact", "{DB591719-9B68-4661-8F48-93D762A742E0}"
EndProject
Project("{9A19103F-16F7-4668-BE54-9A1E7A4F7556}") = "artifact-v1-without-naming", "artifact-v1-without-naming\artifact-v1-without-naming.csproj", "{01CFD1BF-3208-499D-8CC4-E097A7E74A94}"
EndProject
Project("{9A19103F-16F7-4668-BE54-9A1E7A4F7556}") = "artifact-v2-with-naming", "artifact-v2-with-naming\artifact-v2-with-naming.csproj", "{5D8EE83A-3304-40A4-95B0-A6D9DDD7AA42}"
EndProject
Project("{2150E333-8FDC-42A3-9474-1A3956D46DE8}") = "2-completion-with-artifacts-in-the-same-file", "2-completion-with-artifacts-in-the-same-file", "{4EA6B54E-89FF-47D9-A8A6-1E675DF3EB84}"
EndProject
Project("{9A19103F-16F7-4668-BE54-9A1E7A4F7556}") = "ball-v1-simple", "ball-v1-simple\ball-v1-simple.csproj", "{0BB0228A-6704-4627-89CB-771FE95C9334}"
EndProject
Project("{9A19103F-16F7-4668-BE54-9A1E7A4F7556}") = "ball-v2-enriched", "ball-v2-enriched\ball-v2-enriched.csproj", "{D2F579F4-9DF7-4955-94EF-CB259FDF6AAB}"
EndProject
Project("{2150E333-8FDC-42A3-9474-1A3956D46DE8}") = "3-completion-with-artifacts-in-other-tabs", "3-completion-with-artifacts-in-other-tabs", "{BBE5B3F8-DABA-4924-8BC8-5B8FFB4E876C}"
EndProject
Project("{9A19103F-16F7-4668-BE54-9A1E7A4F7556}") = "ApplicationTests", "ApplicationTests\ApplicationTests.csproj", "{21CEE12B-CB8E-4209-887B-9C8386A099B8}"
EndProject
Project("{9A19103F-16F7-4668-BE54-9A1E7A4F7556}") = "Domain", "Domain\Domain.csproj", "{C822526B-E499-4260-9CC3-C4E0FF092E7F}"
EndProject
Project("{9A19103F-16F7-4668-BE54-9A1E7A4F7556}") = "Application", "Application\Application.csproj", "{EC80DEB6-FBAA-4648-9BF2-C35280CA698E}"
EndProject
Project("{2150E333-8FDC-42A3-9474-1A3956D46DE8}") = "6-inline-chat-fix-bugs-and-errors", "6-inline-chat-fix-bugs-and-errors", "{A7DDCB2C-EE1A-47BF-97E9-1DCB3D9E6936}"
EndProject
Project("{9A19103F-16F7-4668-BE54-9A1E7A4F7556}") = "FixBugs", "FixBugs\FixBugs.csproj", "{5D7108CE-DD7E-44E5-8287-6ACD9B3B6AD0}"
EndProject
Project("{2150E333-8FDC-42A3-9474-1A3956D46DE8}") = "7-inline-chat-understanding-code", "7-inline-chat-understanding-code", "{3EECD12E-EAFD-4F2C-A779-25C2BB201635}"
EndProject
Project("{2150E333-8FDC-42A3-9474-1A3956D46DE8}") = "8-inline-chat-documentation", "8-inline-chat-documentation", "{05CADC1B-B643-46BC-A534-3E36F8A67ED3}"
EndProject
Project("{2150E333-8FDC-42A3-9474-1A3956D46DE8}") = "4-inline-chat-refactors-not-supported-by-IDE", "4-inline-chat-refactors-not-supported-by-IDE", "{646DA090-8CE1-4304-9DB1-0094A3EAB537}"
EndProject
Project("{9A19103F-16F7-4668-BE54-9A1E7A4F7556}") = "ParametrizableTest", "ParametrizableTest\ParametrizableTest.csproj", "{FEDC4DBE-26AE-4877-A541-A213FE5CE115}"
EndProject
Project("{2150E333-8FDC-42A3-9474-1A3956D46DE8}") = "5-inline-chat-bounded-code-generation", "5-inline-chat-bounded-code-generation", "{16EB3C5F-3756-4D93-9476-8CFFE542B696}"
EndProject
Project("{9A19103F-16F7-4668-BE54-9A1E7A4F7556}") = "TestSortTool", "TestSortTool\TestSortTool.csproj", "{5B176B81-A050-4416-80B4-286194A3D679}"
EndProject
Project("{9A19103F-16F7-4668-BE54-9A1E7A4F7556}") = "SortTool", "SortTool\SortTool.csproj", "{73B51120-6A51-40E0-8830-63932E815915}"
EndProject
Project("{9A19103F-16F7-4668-BE54-9A1E7A4F7556}") = "FixErrors", "FixErrors\FixErrors.csproj", "{9A81B58D-3659-43A1-AE61-2CD88B5B50DE}"
EndProject
Project("{9A19103F-16F7-4668-BE54-9A1E7A4F7556}") = "SimplificationAndTransformation", "SimplificationAndTransformation\SimplificationAndTransformation.csproj", "{E0D586CF-AF30-4F83-A3EF-B2F371A4530A}"
EndProject
Project("{9A19103F-16F7-4668-BE54-9A1E7A4F7556}") = "ArtifactToDocument", "ArtifactToDocument\ArtifactToDocument.csproj", "{7E77F531-B299-4D39-9B42-076232B70DCD}"
EndProject
Project("{2150E333-8FDC-42A3-9474-1A3956D46DE8}") = "11-extended-chat-problems-with-high-granularity", "11-extended-chat-problems-with-high-granularity", "{2F146918-74C3-49A6-9E51-B7EDDD67542D}"
EndProject
Project("{9A19103F-16F7-4668-BE54-9A1E7A4F7556}") = "UseCase", "UseCase\UseCase.csproj", "{B6F5A153-1537-41B2-9697-99679A280B9A}"
EndProject
Project("{2150E333-8FDC-42A3-9474-1A3956D46DE8}") = "10-extended-chat-documentation", "10-extended-chat-documentation", "{642A2FC8-F3C4-4629-8D8F-D501CD4A5830}"
EndProject
Project("{9A19103F-16F7-4668-BE54-9A1E7A4F7556}") = "Regex", "Regex\Regex.csproj", "{626467A6-16F9-4070-8E55-F1BDC278C95E}"
EndProject
Project("{2150E333-8FDC-42A3-9474-1A3956D46DE8}") = "9-extended-chat-cheap-experimentation", "9-extended-chat-cheap-experimentation", "{252F4FD3-877E-4BB6-8505-E5846301B7EC}"
EndProject
Project("{9A19103F-16F7-4668-BE54-9A1E7A4F7556}") = "LegacylogisticsSystem", "LegacylogisticsSystem\LegacylogisticsSystem.csproj", "{03F6723A-77EE-484E-80EE-C0D26FE9614D}"
EndProject
Project("{9A19103F-16F7-4668-BE54-9A1E7A4F7556}") = "TeamAgreementLinter", "TeamAgreementLinter\TeamAgreementLinter.csproj", "{19B56C6D-5E95-4CF9-A1C8-DA7A87960967}"
EndProject
Project("{9A19103F-16F7-4668-BE54-9A1E7A4F7556}") = "SimplifcationAndTransformationTests", "SimplifcationAndTransformationTests\SimplifcationAndTransformationTests.csproj", "{46DAA3B2-3E36-4EB9-B1C6-2BF1D1302520}"
EndProject
Global
	GlobalSection(SolutionConfigurationPlatforms) = preSolution
		Debug|Any CPU = Debug|Any CPU
		Release|Any CPU = Release|Any CPU
	EndGlobalSection
	GlobalSection(ProjectConfigurationPlatforms) = postSolution
		{01CFD1BF-3208-499D-8CC4-E097A7E74A94}.Debug|Any CPU.ActiveCfg = Debug|Any CPU
		{01CFD1BF-3208-499D-8CC4-E097A7E74A94}.Debug|Any CPU.Build.0 = Debug|Any CPU
		{01CFD1BF-3208-499D-8CC4-E097A7E74A94}.Release|Any CPU.ActiveCfg = Release|Any CPU
		{01CFD1BF-3208-499D-8CC4-E097A7E74A94}.Release|Any CPU.Build.0 = Release|Any CPU
		{5D8EE83A-3304-40A4-95B0-A6D9DDD7AA42}.Debug|Any CPU.ActiveCfg = Debug|Any CPU
		{5D8EE83A-3304-40A4-95B0-A6D9DDD7AA42}.Debug|Any CPU.Build.0 = Debug|Any CPU
		{5D8EE83A-3304-40A4-95B0-A6D9DDD7AA42}.Release|Any CPU.ActiveCfg = Release|Any CPU
		{5D8EE83A-3304-40A4-95B0-A6D9DDD7AA42}.Release|Any CPU.Build.0 = Release|Any CPU
		{0BB0228A-6704-4627-89CB-771FE95C9334}.Debug|Any CPU.ActiveCfg = Debug|Any CPU
		{0BB0228A-6704-4627-89CB-771FE95C9334}.Debug|Any CPU.Build.0 = Debug|Any CPU
		{0BB0228A-6704-4627-89CB-771FE95C9334}.Release|Any CPU.ActiveCfg = Release|Any CPU
		{0BB0228A-6704-4627-89CB-771FE95C9334}.Release|Any CPU.Build.0 = Release|Any CPU
		{D2F579F4-9DF7-4955-94EF-CB259FDF6AAB}.Debug|Any CPU.ActiveCfg = Debug|Any CPU
		{D2F579F4-9DF7-4955-94EF-CB259FDF6AAB}.Debug|Any CPU.Build.0 = Debug|Any CPU
		{D2F579F4-9DF7-4955-94EF-CB259FDF6AAB}.Release|Any CPU.ActiveCfg = Release|Any CPU
		{D2F579F4-9DF7-4955-94EF-CB259FDF6AAB}.Release|Any CPU.Build.0 = Release|Any CPU
		{21CEE12B-CB8E-4209-887B-9C8386A099B8}.Debug|Any CPU.ActiveCfg = Debug|Any CPU
		{21CEE12B-CB8E-4209-887B-9C8386A099B8}.Debug|Any CPU.Build.0 = Debug|Any CPU
		{21CEE12B-CB8E-4209-887B-9C8386A099B8}.Release|Any CPU.ActiveCfg = Release|Any CPU
		{21CEE12B-CB8E-4209-887B-9C8386A099B8}.Release|Any CPU.Build.0 = Release|Any CPU
		{C822526B-E499-4260-9CC3-C4E0FF092E7F}.Debug|Any CPU.ActiveCfg = Debug|Any CPU
		{C822526B-E499-4260-9CC3-C4E0FF092E7F}.Debug|Any CPU.Build.0 = Debug|Any CPU
		{C822526B-E499-4260-9CC3-C4E0FF092E7F}.Release|Any CPU.ActiveCfg = Release|Any CPU
		{C822526B-E499-4260-9CC3-C4E0FF092E7F}.Release|Any CPU.Build.0 = Release|Any CPU
		{EC80DEB6-FBAA-4648-9BF2-C35280CA698E}.Debug|Any CPU.ActiveCfg = Debug|Any CPU
		{EC80DEB6-FBAA-4648-9BF2-C35280CA698E}.Debug|Any CPU.Build.0 = Debug|Any CPU
		{EC80DEB6-FBAA-4648-9BF2-C35280CA698E}.Release|Any CPU.ActiveCfg = Release|Any CPU
		{EC80DEB6-FBAA-4648-9BF2-C35280CA698E}.Release|Any CPU.Build.0 = Release|Any CPU
		{5D7108CE-DD7E-44E5-8287-6ACD9B3B6AD0}.Debug|Any CPU.ActiveCfg = Debug|Any CPU
		{5D7108CE-DD7E-44E5-8287-6ACD9B3B6AD0}.Debug|Any CPU.Build.0 = Debug|Any CPU
		{5D7108CE-DD7E-44E5-8287-6ACD9B3B6AD0}.Release|Any CPU.ActiveCfg = Release|Any CPU
		{5D7108CE-DD7E-44E5-8287-6ACD9B3B6AD0}.Release|Any CPU.Build.0 = Release|Any CPU
		{FEDC4DBE-26AE-4877-A541-A213FE5CE115}.Debug|Any CPU.ActiveCfg = Debug|Any CPU
		{FEDC4DBE-26AE-4877-A541-A213FE5CE115}.Debug|Any CPU.Build.0 = Debug|Any CPU
		{FEDC4DBE-26AE-4877-A541-A213FE5CE115}.Release|Any CPU.ActiveCfg = Release|Any CPU
		{FEDC4DBE-26AE-4877-A541-A213FE5CE115}.Release|Any CPU.Build.0 = Release|Any CPU
		{5B176B81-A050-4416-80B4-286194A3D679}.Debug|Any CPU.ActiveCfg = Debug|Any CPU
		{5B176B81-A050-4416-80B4-286194A3D679}.Debug|Any CPU.Build.0 = Debug|Any CPU
		{5B176B81-A050-4416-80B4-286194A3D679}.Release|Any CPU.ActiveCfg = Release|Any CPU
		{5B176B81-A050-4416-80B4-286194A3D679}.Release|Any CPU.Build.0 = Release|Any CPU
		{73B51120-6A51-40E0-8830-63932E815915}.Debug|Any CPU.ActiveCfg = Debug|Any CPU
		{73B51120-6A51-40E0-8830-63932E815915}.Debug|Any CPU.Build.0 = Debug|Any CPU
		{73B51120-6A51-40E0-8830-63932E815915}.Release|Any CPU.ActiveCfg = Release|Any CPU
		{73B51120-6A51-40E0-8830-63932E815915}.Release|Any CPU.Build.0 = Release|Any CPU
		{9A81B58D-3659-43A1-AE61-2CD88B5B50DE}.Debug|Any CPU.ActiveCfg = Debug|Any CPU
		{9A81B58D-3659-43A1-AE61-2CD88B5B50DE}.Debug|Any CPU.Build.0 = Debug|Any CPU
		{9A81B58D-3659-43A1-AE61-2CD88B5B50DE}.Release|Any CPU.ActiveCfg = Release|Any CPU
		{9A81B58D-3659-43A1-AE61-2CD88B5B50DE}.Release|Any CPU.Build.0 = Release|Any CPU
		{E0D586CF-AF30-4F83-A3EF-B2F371A4530A}.Debug|Any CPU.ActiveCfg = Debug|Any CPU
		{E0D586CF-AF30-4F83-A3EF-B2F371A4530A}.Debug|Any CPU.Build.0 = Debug|Any CPU
		{E0D586CF-AF30-4F83-A3EF-B2F371A4530A}.Release|Any CPU.ActiveCfg = Release|Any CPU
		{E0D586CF-AF30-4F83-A3EF-B2F371A4530A}.Release|Any CPU.Build.0 = Release|Any CPU
		{7E77F531-B299-4D39-9B42-076232B70DCD}.Debug|Any CPU.ActiveCfg = Debug|Any CPU
		{7E77F531-B299-4D39-9B42-076232B70DCD}.Debug|Any CPU.Build.0 = Debug|Any CPU
		{7E77F531-B299-4D39-9B42-076232B70DCD}.Release|Any CPU.ActiveCfg = Release|Any CPU
		{7E77F531-B299-4D39-9B42-076232B70DCD}.Release|Any CPU.Build.0 = Release|Any CPU
		{B6F5A153-1537-41B2-9697-99679A280B9A}.Debug|Any CPU.ActiveCfg = Debug|Any CPU
		{B6F5A153-1537-41B2-9697-99679A280B9A}.Debug|Any CPU.Build.0 = Debug|Any CPU
		{B6F5A153-1537-41B2-9697-99679A280B9A}.Release|Any CPU.ActiveCfg = Release|Any CPU
		{B6F5A153-1537-41B2-9697-99679A280B9A}.Release|Any CPU.Build.0 = Release|Any CPU
		{626467A6-16F9-4070-8E55-F1BDC278C95E}.Debug|Any CPU.ActiveCfg = Debug|Any CPU
		{626467A6-16F9-4070-8E55-F1BDC278C95E}.Debug|Any CPU.Build.0 = Debug|Any CPU
		{626467A6-16F9-4070-8E55-F1BDC278C95E}.Release|Any CPU.ActiveCfg = Release|Any CPU
		{626467A6-16F9-4070-8E55-F1BDC278C95E}.Release|Any CPU.Build.0 = Release|Any CPU
		{03F6723A-77EE-484E-80EE-C0D26FE9614D}.Debug|Any CPU.ActiveCfg = Debug|Any CPU
		{03F6723A-77EE-484E-80EE-C0D26FE9614D}.Debug|Any CPU.Build.0 = Debug|Any CPU
		{03F6723A-77EE-484E-80EE-C0D26FE9614D}.Release|Any CPU.ActiveCfg = Release|Any CPU
		{03F6723A-77EE-484E-80EE-C0D26FE9614D}.Release|Any CPU.Build.0 = Release|Any CPU
		{19B56C6D-5E95-4CF9-A1C8-DA7A87960967}.Debug|Any CPU.ActiveCfg = Debug|Any CPU
		{19B56C6D-5E95-4CF9-A1C8-DA7A87960967}.Debug|Any CPU.Build.0 = Debug|Any CPU
		{19B56C6D-5E95-4CF9-A1C8-DA7A87960967}.Release|Any CPU.ActiveCfg = Release|Any CPU
		{19B56C6D-5E95-4CF9-A1C8-DA7A87960967}.Release|Any CPU.Build.0 = Release|Any CPU
		{46DAA3B2-3E36-4EB9-B1C6-2BF1D1302520}.Debug|Any CPU.ActiveCfg = Debug|Any CPU
		{46DAA3B2-3E36-4EB9-B1C6-2BF1D1302520}.Debug|Any CPU.Build.0 = Debug|Any CPU
		{46DAA3B2-3E36-4EB9-B1C6-2BF1D1302520}.Release|Any CPU.ActiveCfg = Release|Any CPU
		{46DAA3B2-3E36-4EB9-B1C6-2BF1D1302520}.Release|Any CPU.Build.0 = Release|Any CPU
	EndGlobalSection
	GlobalSection(SolutionProperties) = preSolution
		HideSolutionNode = FALSE
	EndGlobalSection
	GlobalSection(NestedProjects) = preSolution
		{01CFD1BF-3208-499D-8CC4-E097A7E74A94} = {DB591719-9B68-4661-8F48-93D762A742E0}
		{5D8EE83A-3304-40A4-95B0-A6D9DDD7AA42} = {DB591719-9B68-4661-8F48-93D762A742E0}
		{0BB0228A-6704-4627-89CB-771FE95C9334} = {4EA6B54E-89FF-47D9-A8A6-1E675DF3EB84}
		{D2F579F4-9DF7-4955-94EF-CB259FDF6AAB} = {4EA6B54E-89FF-47D9-A8A6-1E675DF3EB84}
		{21CEE12B-CB8E-4209-887B-9C8386A099B8} = {BBE5B3F8-DABA-4924-8BC8-5B8FFB4E876C}
		{C822526B-E499-4260-9CC3-C4E0FF092E7F} = {BBE5B3F8-DABA-4924-8BC8-5B8FFB4E876C}
		{EC80DEB6-FBAA-4648-9BF2-C35280CA698E} = {BBE5B3F8-DABA-4924-8BC8-5B8FFB4E876C}
		{A7DDCB2C-EE1A-47BF-97E9-1DCB3D9E6936} = {DB591719-9B68-4661-8F48-93D762A742E0}
		{5D7108CE-DD7E-44E5-8287-6ACD9B3B6AD0} = {A7DDCB2C-EE1A-47BF-97E9-1DCB3D9E6936}
		{FEDC4DBE-26AE-4877-A541-A213FE5CE115} = {646DA090-8CE1-4304-9DB1-0094A3EAB537}
		{5B176B81-A050-4416-80B4-286194A3D679} = {16EB3C5F-3756-4D93-9476-8CFFE542B696}
		{73B51120-6A51-40E0-8830-63932E815915} = {16EB3C5F-3756-4D93-9476-8CFFE542B696}
		{9A81B58D-3659-43A1-AE61-2CD88B5B50DE} = {A7DDCB2C-EE1A-47BF-97E9-1DCB3D9E6936}
		{E0D586CF-AF30-4F83-A3EF-B2F371A4530A} = {646DA090-8CE1-4304-9DB1-0094A3EAB537}
		{7E77F531-B299-4D39-9B42-076232B70DCD} = {05CADC1B-B643-46BC-A534-3E36F8A67ED3}
		{B6F5A153-1537-41B2-9697-99679A280B9A} = {2F146918-74C3-49A6-9E51-B7EDDD67542D}
		{626467A6-16F9-4070-8E55-F1BDC278C95E} = {3EECD12E-EAFD-4F2C-A779-25C2BB201635}
		{03F6723A-77EE-484E-80EE-C0D26FE9614D} = {252F4FD3-877E-4BB6-8505-E5846301B7EC}
		{19B56C6D-5E95-4CF9-A1C8-DA7A87960967} = {642A2FC8-F3C4-4629-8D8F-D501CD4A5830}
		{46DAA3B2-3E36-4EB9-B1C6-2BF1D1302520} = {646DA090-8CE1-4304-9DB1-0094A3EAB537}
	EndGlobalSection
EndGlobal
